
Microsoft Visual Studio Solution File, Format Version 12.00
# Visual Studio Version 16
VisualStudioVersion = 16.0.29609.76
MinimumVisualStudioVersion = 10.0.40219.1
Project("{FAE04EC0-301F-11D3-BF4B-00C04F79EFBC}") = "Database", "Database\Database.csproj", "{B650A30F-5EBD-4E0F-B639-EC49165F3059}"
EndProject
Global
	GlobalSection(SolutionConfigurationPlatforms) = preSolution
		Debug|Any CPU = Debug|Any CPU
		Release|Any CPU = Release|Any CPU
	EndGlobalSection
	GlobalSection(ProjectConfigurationPlatforms) = postSolution
		{B650A30F-5EBD-4E0F-B639-EC49165F3059}.Debug|Any CPU.ActiveCfg = Debug|Any CPU
		{B650A30F-5EBD-4E0F-B639-EC49165F3059}.Debug|Any CPU.Build.0 = Debug|Any CPU
		{B650A30F-5EBD-4E0F-B639-EC49165F3059}.Release|Any CPU.ActiveCfg = Release|Any CPU
		{B650A30F-5EBD-4E0F-B639-EC49165F3059}.Release|Any CPU.Build.0 = Release|Any CPU
	EndGlobalSection
	GlobalSection(SolutionProperties) = preSolution
		HideSolutionNode = FALSE
	EndGlobalSection
	GlobalSection(ExtensibilityGlobals) = postSolution
		SolutionGuid = {89A83CAF-1727-4B87-935A-634E0EB85670}
	EndGlobalSection
EndGlobal
